{
  "lockfileVersion": 1,
  "configVersion": 1,
  "workspaces": {
    "": {
      "name": "better-github",
      "dependencies": {
        "vue": "^3.5.38",
      },
      "devDependencies": {
        "@biomejs/biome": "2.5.0",
        "@vitejs/plugin-vue": "^6.0.7",
        "typescript": "^6.0.3",
        "vite": "^8.0.16",
        "vite-plugin-monkey": "^8.0.6",
        "vue-tsc": "^3.3.5",
      },
    },
  },
  "packages": {
    "@babel/helper-string-parser": ["@babel/helper-string-parser@7.29.7", "", {}, "sha512-Pb5ijPrZ89GDH8223L4UP8i6QApWxs04RbPQJTeWDV0/keR2E36MeKnyr6LYmUUvqRRI+Iv87SuF1W6ErINzYw=="],

    "@babel/helper-validator-identifier": ["@babel/helper-validator-identifier@7.29.7", "", {}, "sha512-qehxGkRj55h/ff8EMaJ+cYhyaKlHIxqYDn682wQD7RNp9UujOQsHog2uS0r2vzr4pW+sXf90NeeayjcNaX3fFg=="],

    "@babel/parser": ["@babel/parser@7.29.7", "", { "dependencies": { "@babel/types": "^7.29.7" }, "bin": "./bin/babel-parser.js" }, "sha512-hnORnjP/1P/zFEndoeX+n+t1RwWRJiJpM/jO7FW32Kn9r5+sJB2JWOdYo4L6k78j15eCwY3Gm/7364B1EMwtNg=="],

    "@babel/types": ["@babel/types@7.29.7", "", { "dependencies": { "@babel/helper-string-parser": "^7.29.7", "@babel/helper-validator-identifier": "^7.29.7" } }, "sha512-4zBIxpPzowiZpusoFkyGVwakdRJUyuH5PxQ/PrqghfdFWWasvnCdPfQXHrenDai+gyLARulZjZowCOj6fjT4pA=="],

    "@biomejs/biome": ["@biomejs/biome@2.5.0", "", { "optionalDependencies": { "@biomejs/cli-darwin-arm64": "2.5.0", "@biomejs/cli-darwin-x64": "2.5.0", "@biomejs/cli-linux-arm64": "2.5.0", "@biomejs/cli-linux-arm64-musl": "2.5.0", "@biomejs/cli-linux-x64": "2.5.0", "@biomejs/cli-linux-x64-musl": "2.5.0", "@biomejs/cli-win32-arm64": "2.5.0", "@biomejs/cli-win32-x64": "2.5.0" }, "bin": { "biome": "bin/biome" } }, "sha512-4kURkd9hAPrdDM3C9n82ycYgx8hvQcW6MjKTEejruj8rK0N8P3OPpdy8BvI8kt3KWY4ycF5XtDOrktetEfhfuw=="],

    "@biomejs/cli-darwin-arm64": ["@biomejs/cli-darwin-arm64@2.5.0", "", { "os": "darwin", "cpu": "arm64" }, "sha512-Mn3Fwi3SA5fgmfCPqmzpWF2DLZnms3BVAhM088nTnGrTZmHS3wwIjcoZPqpXeNgd3DrrLH6xp8vTLIBuJoZiXw=="],

    "@biomejs/cli-darwin-x64": ["@biomejs/cli-darwin-x64@2.5.0", "", { "os": "darwin", "cpu": "x64" }, "sha512-rg3VPL5P8mYro6pqlXYXuJWph21slVp3SZtAqWSrkZs40d2gTzYmHF8E/X1iTID25btmNKltNDJ926sqVBp7DQ=="],

    "@biomejs/cli-linux-arm64": ["@biomejs/cli-linux-arm64@2.5.0", "", { "os": "linux", "cpu": "arm64" }, "sha512-tl+LW8fdD96/xdeWtWwc82LIOc5CoY7N2AsogLTp5R4ECErYt+8Jl/N68ezN9vzSiqPTxw6vjcihoLPYKZHrlw=="],

    "@biomejs/cli-linux-arm64-musl": ["@biomejs/cli-linux-arm64-musl@2.5.0", "", { "os": "linux", "cpu": "arm64" }, "sha512-vQdM4oSGaf7ZNeGO9w5+Y8SBtyser9M6znxYbm7Ec8wInxJu1WiKxFYZW5Auj2d80bcVvefuGGRxoFOE0eee8g=="],

    "@biomejs/cli-linux-x64": ["@biomejs/cli-linux-x64@2.5.0", "", { "os": "linux", "cpu": "x64" }, "sha512-zpEGf4RQbFEh8Vt7OmavLyyOzRbtcE9osCqrS1kfvt8jDvxwhKXLSf7n0ebr/ov0RJ9ssP+lhs6C8a9WwFvrQA=="],

    "@biomejs/cli-linux-x64-musl": ["@biomejs/cli-linux-x64-musl@2.5.0", "", { "os": "linux", "cpu": "x64" }, "sha512-+9hIcMngJ+yGUahXqZuZ8CoWKJE9SAZsFsM3QDvXpNsLbXZ9lqVzgBhOk/jTSYkOA0GLP9eu3teukqpLUojHMg=="],

    "@biomejs/cli-win32-arm64": ["@biomejs/cli-win32-arm64@2.5.0", "", { "os": "win32", "cpu": "arm64" }, "sha512-jB0wAvTLI4itx5VidqVUejPQFhRUxiZ9l9FvZ26D5fl6t3qme+ZB4PD3bTSeL1vZ8NI2Rx/zj6H9zcESuGHKGw=="],

    "@biomejs/cli-win32-x64": ["@biomejs/cli-win32-x64@2.5.0", "", { "os": "win32", "cpu": "x64" }, "sha512-VT/lF+GId+67j8aDfLkxdxNoVApsPSTbyAtB3jJq0IWTrY77WXfbPfpngxq0bA6JCEv/7k8C9qWjDRKRznDlyw=="],

    "@emnapi/core": ["@emnapi/core@1.10.0", "", { "dependencies": { "@emnapi/wasi-threads": "1.2.1", "tslib": "2.8.1" } }, "sha512-yq6OkJ4p82CAfPl0u9mQebQHKPJkY7WrIuk205cTYnYe+k2Z8YBh11FrbRG/H6ihirqcacOgl2BIO8oyMQLeXw=="],

    "@emnapi/runtime": ["@emnapi/runtime@1.10.0", "", { "dependencies": { "tslib": "2.8.1" } }, "sha512-ewvYlk86xUoGI0zQRNq/mC+16R1QeDlKQy21Ki3oSYXNgLb45GV1P6A0M+/s6nyCuNDqe5VpaY84BzXGwVbwFA=="],

    "@emnapi/wasi-threads": ["@emnapi/wasi-threads@1.2.1", "", { "dependencies": { "tslib": "2.8.1" } }, "sha512-uTII7OYF+/Mes/MrcIOYp5yOtSMLBWSIoLPpcgwipoiKbli6k322tcoFsxoIIxPDqW01SQGAgko4EzZi2BNv2w=="],

    "@jridgewell/sourcemap-codec": ["@jridgewell/sourcemap-codec@1.5.5", "", {}, "sha512-cYQ9310grqxueWbl+WuIUIaiUaDcj7WOq5fVhEljNVgRfOUhY9fy2zTvfoqWsnebh8Sl70VScFbICvJnLKB0Og=="],

    "@napi-rs/wasm-runtime": ["@napi-rs/wasm-runtime@1.1.4", "", { "dependencies": { "@tybys/wasm-util": "0.10.2" }, "peerDependencies": { "@emnapi/core": "1.10.0", "@emnapi/runtime": "1.10.0" } }, "sha512-3NQNNgA1YSlJb/kMH1ildASP9HW7/7kYnRI2szWJaofaS1hWmbGI4H+d3+22aGzXXN9IJ+n+GiFVcGipJP18ow=="],

    "@oxc-project/types": ["@oxc-project/types@0.133.0", "", {}, "sha512-KzkdCd6Uxqnf6l3HOw1xfatAlUURA0g14cvBYFyJ5SaNOQbOUvBr9PKArcPcrNIeRsBdgcUzOGrhKveVpvOIGA=="],

    "@rolldown/binding-android-arm64": ["@rolldown/binding-android-arm64@1.0.3", "", { "os": "android", "cpu": "arm64" }, "sha512-454rs7jHngixp/NMxd5srYD57OnzSlZ/eFTETjORQHLwJG1lRtmNOJcBerZlfu4GjKqeq8aCCIQrMdHyhI51Hw=="],

    "@rolldown/binding-darwin-arm64": ["@rolldown/binding-darwin-arm64@1.0.3", "", { "os": "darwin", "cpu": "arm64" }, "sha512-PcAhP+ynjURNyy8SKGl5DQP94aGuB/7JrXJb/t7P+hanXvQVMWzUvRRhBAcg/lNRadBhoUPqSoP4xw5tR/KBEA=="],

    "@rolldown/binding-darwin-x64": ["@rolldown/binding-darwin-x64@1.0.3", "", { "os": "darwin", "cpu": "x64" }, "sha512-9YpfeUvSE2RS7wysJ81uOZkXJz7f7Q55H2Gvp3VEw/EsahqDtrphrZ0EwDLK5vvKOzaCrBsjF8JmnMLcUt78Gg=="],

    "@rolldown/binding-freebsd-x64": ["@rolldown/binding-freebsd-x64@1.0.3", "", { "os": "freebsd", "cpu": "x64" }, "sha512-yB1IlAsSNHncV6SCTL27/MVGR5htvQsoGxIv5KMGXALp+Ll1wYsn+x98M9MW7qa+NdSbvrrY7ANI4wLJ0n1e6g=="],

    "@rolldown/binding-linux-arm-gnueabihf": ["@rolldown/binding-linux-arm-gnueabihf@1.0.3", "", { "os": "linux", "cpu": "arm" }, "sha512-Yi30IVAAfLUCy2MseFjbB1jAMDl1VMCAas5StnYp8da9+CKvMd2H2cbEjWcw5NPaPqzvYkVIaF1nNUG+b7u/sw=="],

    "@rolldown/binding-linux-arm64-gnu": ["@rolldown/binding-linux-arm64-gnu@1.0.3", "", { "os": "linux", "cpu": "arm64" }, "sha512-jsO7R8To+AdlYgUmN5sHSCZbfhtMBkO0WUx8iORQnPcMMdgr7qM2DQmMwgabs3GhNztdmoKkMKQFHD6DTMCIQw=="],

    "@rolldown/binding-linux-arm64-musl": ["@rolldown/binding-linux-arm64-musl@1.0.3", "", { "os": "linux", "cpu": "arm64" }, "sha512-VWkUHwWriDciit80wleYwKILoR/KMvxh/IdwS/paX+ZgpuRpCrKLUdadJbc0NpBEiyhpYawsJ73j9aCvOH+f7Q=="],

    "@rolldown/binding-linux-ppc64-gnu": ["@rolldown/binding-linux-ppc64-gnu@1.0.3", "", { "os": "linux", "cpu": "ppc64" }, "sha512-5f1laC0SlIR0yDbFCd8acUhvJIag6N3zC5P7oUPN6wX0aOma+uKJ0wBDH5aq7I1PVI2ttTlhJwzwRIBnLiSGEg=="],

    "@rolldown/binding-linux-s390x-gnu": ["@rolldown/binding-linux-s390x-gnu@1.0.3", "", { "os": "linux", "cpu": "s390x" }, "sha512-Iq4ko0r4XsgbrF/LunNgHtAGLRRVE2kXonAXQ/MV0mC6jQpMOhW1SvtZja2EhC/kd05++bP78dsqBeIQyYJ6Yg=="],

    "@rolldown/binding-linux-x64-gnu": ["@rolldown/binding-linux-x64-gnu@1.0.3", "", { "os": "linux", "cpu": "x64" }, "sha512-B8m6tD5+/N5FeNQFbKlLA/2yVq9ycQP1SeedyEYYKWBNR3ZQbkvIUcNnDNM03lO1l5F2roiiFJGgvoLLyZXtSg=="],

    "@rolldown/binding-linux-x64-musl": ["@rolldown/binding-linux-x64-musl@1.0.3", "", { "os": "linux", "cpu": "x64" }, "sha512-pSdpdUJHkuCxun9LE7jvgUB9qsRgaiyNNCX7m/AvHTcq67AiT/Yhoxvw5zPfhrM8k/BfP8ce/hMOpthKDpEUow=="],

    "@rolldown/binding-openharmony-arm64": ["@rolldown/binding-openharmony-arm64@1.0.3", "", { "os": "none", "cpu": "arm64" }, "sha512-OXXS3RKJgX2uLwM+gYyuH5omcH8fL1LJs96pZGgtetVCahON57+d4SJHzTgZiOjxgGkSnpXpOsWuPDGAKAigEg=="],

    "@rolldown/binding-wasm32-wasi": ["@rolldown/binding-wasm32-wasi@1.0.3", "", { "dependencies": { "@emnapi/core": "1.10.0", "@emnapi/runtime": "1.10.0", "@napi-rs/wasm-runtime": "^1.1.4" }, "cpu": "none" }, "sha512-JTtb8BWFynicNSoPrehsCzBtOKjZ6jhMiPFEmOiuXg1Fl8dn2KHQob+GuPSGR0dryQa1PQJbzjF3dqO/whhjLg=="],

    "@rolldown/binding-win32-arm64-msvc": ["@rolldown/binding-win32-arm64-msvc@1.0.3", "", { "os": "win32", "cpu": "arm64" }, "sha512-gEdFFEN70A/jxb2svrWsN3aDL7OUtmvlOy+6fa2jxG8K0wQ1ZbdeLGnidov6Yu5/733dI5ySfzFlQ/cb0bSz1g=="],

    "@rolldown/binding-win32-x64-msvc": ["@rolldown/binding-win32-x64-msvc@1.0.3", "", { "os": "win32", "cpu": "x64" }, "sha512-eXB7CHuaQdqmJcc3koCNtNPmT/bj2gc999kUFgBxG8Ac0NdgXc4rkCHhqrgrhN3zddvvvrgzj1e90SuSfmyIXA=="],

    "@rolldown/pluginutils": ["@rolldown/pluginutils@1.0.1", "", {}, "sha512-2j9bGt5Jh8hj+vPtgzPtl72j0yRxHAyumoo6TNfAjsLB04UtpSvPbPcDcBMxz7n+9CYB0c1GxQFxYRg2jimqGw=="],

    "@rollup/rollup-android-arm-eabi": ["@rollup/rollup-android-arm-eabi@4.60.3", "", { "os": "android", "cpu": "arm" }, "sha512-x35CNW/ANXG3hE/EZpRU8MXX1JDN86hBb2wMGAtltkz7pc6cxgjpy1OMMfDosOQ+2hWqIkag/fGok1Yady9nGw=="],

    "@rollup/rollup-android-arm64": ["@rollup/rollup-android-arm64@4.60.3", "", { "os": "android", "cpu": "arm64" }, "sha512-xw3xtkDApIOGayehp2+Rz4zimfkaX65r4t47iy+ymQB2G4iJCBBfj0ogVg5jpvjpn8UWn/+q9tprxleYeNp3Hw=="],

    "@rollup/rollup-darwin-arm64": ["@rollup/rollup-darwin-arm64@4.60.3", "", { "os": "darwin", "cpu": "arm64" }, "sha512-vo6Y5Qfpx7/5EaamIwi0WqW2+zfiusVihKatLvtN1VFVy3D13uERk/6gZLU1UiHRL6fDXqj/ELIeVRGnvcTE1g=="],

    "@rollup/rollup-darwin-x64": ["@rollup/rollup-darwin-x64@4.60.3", "", { "os": "darwin", "cpu": "x64" }, "sha512-D+0QGcZhBzTN82weOnsSlY7V7+RMmPuF1CkbxyMAGE8+ZHeUjyb76ZiWmBlCu//AQQONvxcqRbwZTajZKqjuOw=="],

    "@rollup/rollup-freebsd-arm64": ["@rollup/rollup-freebsd-arm64@4.60.3", "", { "os": "freebsd", "cpu": "arm64" }, "sha512-6HnvHCT7fDyj6R0Ph7A6x8dQS/S38MClRWeDLqc0MdfWkxjiu1HSDYrdPhqSILzjTIC/pnXbbJbo+ft+gy/9hQ=="],

    "@rollup/rollup-freebsd-x64": ["@rollup/rollup-freebsd-x64@4.60.3", "", { "os": "freebsd", "cpu": "x64" }, "sha512-KHLgC3WKlUYW3ShFKnnosZDOJ0xjg9zp7au3sIm2bs/tGBeC2ipmvRh/N7JKi0t9Ue20C0dpEshi8WUubg+cnA=="],

    "@rollup/rollup-linux-arm-gnueabihf": ["@rollup/rollup-linux-arm-gnueabihf@4.60.3", "", { "os": "linux", "cpu": "arm" }, "sha512-DV6fJoxEYWJOvaZIsok7KrYl0tPvga5OZ2yvKHNNYyk/2roMLqQAbGhr78EQ5YhHpnhLKJD3S1WFusAkmUuV5g=="],

    "@rollup/rollup-linux-arm-musleabihf": ["@rollup/rollup-linux-arm-musleabihf@4.60.3", "", { "os": "linux", "cpu": "arm" }, "sha512-mQKoJAzvuOs6F+TZybQO4GOTSMUu7v0WdxEk24krQ/uUxXoPTtHjuaUuPmFhtBcM4K0ons8nrE3JyhTuCFtT/w=="],

    "@rollup/rollup-linux-arm64-gnu": ["@rollup/rollup-linux-arm64-gnu@4.60.3", "", { "os": "linux", "cpu": "arm64" }, "sha512-Whjj2qoiJ6+OOJMGptTYazaJvjOJm+iKHpXQM1P3LzGjt7Ff++Tp7nH4N8J/BUA7R9IHfDyx4DJIflifwnbmIA=="],

    "@rollup/rollup-linux-arm64-musl": ["@rollup/rollup-linux-arm64-musl@4.60.3", "", { "os": "linux", "cpu": "arm64" }, "sha512-4YTNHKqGng5+yiZt3mg77nmyuCfmNfX4fPmyUapBcIk+BdwSwmCWGXOUxhXbBEkFHtoN5boLj/5NON+u5QC9tg=="],

    "@rollup/rollup-linux-loong64-gnu": ["@rollup/rollup-linux-loong64-gnu@4.60.3", "", { "os": "linux", "cpu": "none" }, "sha512-SU3kNlhkpI4UqlUc2VXPGK9o886ZsSeGfMAX2ba2b8DKmMXq4AL7KUrkSWVbb7koVqx41Yczx6dx5PNargIrEA=="],

    "@rollup/rollup-linux-loong64-musl": ["@rollup/rollup-linux-loong64-musl@4.60.3", "", { "os": "linux", "cpu": "none" }, "sha512-6lDLl5h4TXpB1mTf2rQWnAk/LcXrx9vBfu/DT5TIPhvMhRWaZ5MxkIc8u4lJAmBo6klTe1ywXIUHFjylW505sg=="],

    "@rollup/rollup-linux-ppc64-gnu": ["@rollup/rollup-linux-ppc64-gnu@4.60.3", "", { "os": "linux", "cpu": "ppc64" }, "sha512-BMo8bOw8evlup/8G+cj5xWtPyp93xPdyoSN16Zy90Q2QZ0ZYRhCt6ZJSwbrRzG9HApFabjwj2p25TUPDWrhzqQ=="],

    "@rollup/rollup-linux-ppc64-musl": ["@rollup/rollup-linux-ppc64-musl@4.60.3", "", { "os": "linux", "cpu": "ppc64" }, "sha512-E0L8X1dZN1/Rph+5VPF6Xj2G7JJvMACVXtamTJIDrVI44Y3K+G8gQaMEAavbqCGTa16InptiVrX6eM6pmJ+7qA=="],

    "@rollup/rollup-linux-riscv64-gnu": ["@rollup/rollup-linux-riscv64-gnu@4.60.3", "", { "os": "linux", "cpu": "none" }, "sha512-oZJ/WHaVfHUiRAtmTAeo3DcevNsVvH8mbvodjZy7D5QKvCefO371SiKRpxoDcCxB3PTRTLayWBkvmDQKTcX/sw=="],

    "@rollup/rollup-linux-riscv64-musl": ["@rollup/rollup-linux-riscv64-musl@4.60.3", "", { "os": "linux", "cpu": "none" }, "sha512-Dhbyh7j9FybM3YaTgaHmVALwA8AkUwTPccyCQ79TG9AJUsMQqgN1DDEZNr4+QUfwiWvLDumW5vdwzoeUF+TNxQ=="],

    "@rollup/rollup-linux-s390x-gnu": ["@rollup/rollup-linux-s390x-gnu@4.60.3", "", { "os": "linux", "cpu": "s390x" }, "sha512-cJd1X5XhHHlltkaypz1UcWLA8AcoIi1aWhsvaWDskD1oz2eKCypnqvTQ8ykMNI0RSmm7NkTdSqSSD7zM0xa6Ig=="],

    "@rollup/rollup-linux-x64-gnu": ["@rollup/rollup-linux-x64-gnu@4.60.3", "", { "os": "linux", "cpu": "x64" }, "sha512-DAZDBHQfG2oQuhY7mc6I3/qB4LU2fQCjRvxbDwd/Jdvb9fypP4IJ4qmtu6lNjes6B531AI8cg1aKC2di97bUxA=="],

    "@rollup/rollup-linux-x64-musl": ["@rollup/rollup-linux-x64-musl@4.60.3", "", { "os": "linux", "cpu": "x64" }, "sha512-cRxsE8c13mZOh3vP+wLDxpQBRrOHDIGOWyDL93Sy0Ga8y515fBcC2pjUfFwUe5T7tqvTvWbCpg1URM/AXdWIXA=="],

    "@rollup/rollup-openbsd-x64": ["@rollup/rollup-openbsd-x64@4.60.3", "", { "os": "openbsd", "cpu": "x64" }, "sha512-QaWcIgRxqEdQdhJqW4DJctsH6HCmo5vHxY0krHSX4jMtOqfzC+dqDGuHM87bu4H8JBeibWx7jFz+h6/4C8wA5Q=="],

    "@rollup/rollup-openharmony-arm64": ["@rollup/rollup-openharmony-arm64@4.60.3", "", { "os": "none", "cpu": "arm64" }, "sha512-AaXwSvUi3QIPtroAUw1t5yHGIyqKEXwH54WUocFolZhpGDruJcs8c+xPNDRn4XiQsS7MEwnYsHW2l0MBLDMkWg=="],

    "@rollup/rollup-win32-arm64-msvc": ["@rollup/rollup-win32-arm64-msvc@4.60.3", "", { "os": "win32", "cpu": "arm64" }, "sha512-65LAKM/bAWDqKNEelHlcHvm2V+Vfb8C6INFxQXRHCvaVN1rJfwr4NvdP4FyzUaLqWfaCGaadf6UbTm8xJeYfEg=="],

    "@rollup/rollup-win32-ia32-msvc": ["@rollup/rollup-win32-ia32-msvc@4.60.3", "", { "os": "win32", "cpu": "ia32" }, "sha512-EEM2gyhBF5MFnI6vMKdX1LAosE627RGBzIoGMdLloPZkXrUN0Ckqgr2Qi8+J3zip/8NVVro3/FjB+tjhZUgUHA=="],

    "@rollup/rollup-win32-x64-gnu": ["@rollup/rollup-win32-x64-gnu@4.60.3", "", { "os": "win32", "cpu": "x64" }, "sha512-E5Eb5H/DpxaoXH++Qkv28RcUJboMopmdDUALBczvHMf7hNIxaDZqwY5lK12UK1BHacSmvupoEWGu+n993Z0y1A=="],

    "@rollup/rollup-win32-x64-msvc": ["@rollup/rollup-win32-x64-msvc@4.60.3", "", { "os": "win32", "cpu": "x64" }, "sha512-hPt/bgL5cE+Qp+/TPHBqptcAgPzgj46mPcg/16zNUmbQk0j+mOEQV/+Lqu8QRtDV3Ek95Q6FeFITpuhl6OTsAA=="],

    "@tybys/wasm-util": ["@tybys/wasm-util@0.10.2", "", { "dependencies": { "tslib": "2.8.1" } }, "sha512-RoBvJ2X0wuKlWFIjrwffGw1IqZHKQqzIchKaadZZfnNpsAYp2mM0h36JtPCjNDAHGgYez/15uMBpfGwchhiMgg=="],

    "@types/estree": ["@types/estree@1.0.8", "", {}, "sha512-dWHzHa2WqEXI/O1E9OjrocMTKJl2mSrEolh1Iomrv6U+JuNwaHXsXx9bLu5gG7BUWFIN0skIQJQ/L1rIex4X6w=="],

    "@vitejs/plugin-vue": ["@vitejs/plugin-vue@6.0.7", "", { "dependencies": { "@rolldown/pluginutils": "^1.0.1" }, "peerDependencies": { "vite": "^5.0.0 || ^6.0.0 || ^7.0.0 || ^8.0.0", "vue": "^3.2.25" } }, "sha512-km+p+XdSz9Sxm5rqUbqcSfZYaAniKxWBj1KURl+Jr7UaPvvX7BmaWMdP69I5rrFDeQGyxAG7NXdc57vz+snhWg=="],

    "@volar/language-core": ["@volar/language-core@2.4.28", "", { "dependencies": { "@volar/source-map": "2.4.28" } }, "sha512-w4qhIJ8ZSitgLAkVay6AbcnC7gP3glYM3fYwKV3srj8m494E3xtrCv6E+bWviiK/8hs6e6t1ij1s2Endql7vzQ=="],

    "@volar/source-map": ["@volar/source-map@2.4.28", "", {}, "sha512-yX2BDBqJkRXfKw8my8VarTyjv48QwxdJtvRgUpNE5erCsgEUdI2DsLbpa+rOQVAJYshY99szEcRDmyHbF10ggQ=="],

    "@volar/typescript": ["@volar/typescript@2.4.28", "", { "dependencies": { "@volar/language-core": "2.4.28", "path-browserify": "1.0.1", "vscode-uri": "3.1.0" } }, "sha512-Ja6yvWrbis2QtN4ClAKreeUZPVYMARDYZl9LMEv1iQ1QdepB6wn0jTRxA9MftYmYa4DQ4k/DaSZpFPUfxl8giw=="],

    "@vue/compiler-core": ["@vue/compiler-core@3.5.38", "", { "dependencies": { "@babel/parser": "^7.29.7", "@vue/shared": "3.5.38", "entities": "^7.0.1", "estree-walker": "^2.0.2", "source-map-js": "^1.2.1" } }, "sha512-s99aGxWYig9ErHbct27KXEGhrBYlRI6c4MwAgXErOAbX9xiW37/uMa+XUDO69zLz83dng8UUZ70CTOJrLrYrEQ=="],

    "@vue/compiler-dom": ["@vue/compiler-dom@3.5.38", "", { "dependencies": { "@vue/compiler-core": "3.5.38", "@vue/shared": "3.5.38" } }, "sha512-JTqp25l8aFfJYF7/KmsXZjAxJz7T+SjmTJLoXVjHtc2BrSgSiW2n9Aem/cWq1OPe68A8JL06B3eVdhlP0H4TVw=="],

    "@vue/compiler-sfc": ["@vue/compiler-sfc@3.5.38", "", { "dependencies": { "@babel/parser": "^7.29.7", "@vue/compiler-core": "3.5.38", "@vue/compiler-dom": "3.5.38", "@vue/compiler-ssr": "3.5.38", "@vue/shared": "3.5.38", "estree-walker": "^2.0.2", "magic-string": "^0.30.21", "postcss": "^8.5.15", "source-map-js": "^1.2.1" } }, "sha512-DuA2GiZawSEW442iw/9+Fkol8hTgb4Ke5KkhmSry65QA7YuyMbIdy8p0XZRMvNwJdgRz307W8g1CSzdvS4nuNg=="],

    "@vue/compiler-ssr": ["@vue/compiler-ssr@3.5.38", "", { "dependencies": { "@vue/compiler-dom": "3.5.38", "@vue/shared": "3.5.38" } }, "sha512-7s+W5Gc42FGxZMcuwl8H5B29T8BJPMdBT7KHFE+BbAuZ/iTEdTtv7z2XiMjiaUUw4w3ZcCEdHs36RuYJ2VA7bA=="],

    "@vue/language-core": ["@vue/language-core@3.3.5", "", { "dependencies": { "@volar/language-core": "2.4.28", "@vue/compiler-dom": "^3.5.0", "@vue/shared": "^3.5.0", "alien-signals": "^3.2.0", "muggle-string": "^0.4.1", "path-browserify": "^1.0.1", "picomatch": "^4.0.4" } }, "sha512-UkKu5nhX89fg4VhlG/FOeI10G3cj/7radKT/cy9BT4Q9qJmJlSTAc/dP63Xqs29aypN4f39xUV6PsLNk/dcD6g=="],

    "@vue/reactivity": ["@vue/reactivity@3.5.38", "", { "dependencies": { "@vue/shared": "3.5.38" } }, "sha512-pG6LV/NDNRbKizcUjFFLAfjaL8mcv4DmR9avNcUw2gDHBzZneuS2TWCmp633ynzxz9YYKNeEPK2I8Wraqy2HUQ=="],

    "@vue/runtime-core": ["@vue/runtime-core@3.5.38", "", { "dependencies": { "@vue/reactivity": "3.5.38", "@vue/shared": "3.5.38" } }, "sha512-iyW8WVfF1CpCXxncZY5Ei6rSd6oZr5DgEom//fUjRBRl56AXPD+s9ATvukRt77ZFTuYlnVA1bxY+dJB94tWVYw=="],

    "@vue/runtime-dom": ["@vue/runtime-dom@3.5.38", "", { "dependencies": { "@vue/reactivity": "3.5.38", "@vue/runtime-core": "3.5.38", "@vue/shared": "3.5.38", "csstype": "^3.2.3" } }, "sha512-apX2wt9sdfDshS+a2xueFZLVpt0GkRJZSoPmrW/SA4yzXTznhfcMVW59gr7h4YQeY0vJhdJkk2rsIDwgfFgC5A=="],

    "@vue/server-renderer": ["@vue/server-renderer@3.5.38", "", { "dependencies": { "@vue/compiler-ssr": "3.5.38", "@vue/shared": "3.5.38" }, "peerDependencies": { "vue": "3.5.38" } }, "sha512-vue8vbf2QlV4quHqzwmJy6dWfmRhP1J8l4wtZg60CL6VoKqcPY2oe7may3+1d9qfpedjK5PRLFqd5k3Isj9mUw=="],

    "@vue/shared": ["@vue/shared@3.5.38", "", {}, "sha512-FTW0AFZNaK5/mOqvGBwVfUlNLU38TiQn4+DQgIFUnrBBJQ1crMJ82yeGQLV5jyKFsO8yRukpbuP7x+nRbH6aug=="],

    "acorn": ["acorn@8.16.0", "", { "bin": { "acorn": "bin/acorn" } }, "sha512-UVJyE9MttOsBQIDKw1skb9nAwQuR5wuGD3+82K6JgJlm/Y+KI92oNsMNGZCYdDsVtRHSak0pcV5Dno5+4jh9sw=="],

    "acorn-walk": ["acorn-walk@8.3.5", "", { "dependencies": { "acorn": "8.16.0" } }, "sha512-HEHNfbars9v4pgpW6SO1KSPkfoS0xVOM/9UzkJltjlsHZmJasxg8aXkuZa7SMf8vKGIBhpUsPluQSqhJFCqebw=="],

    "alien-signals": ["alien-signals@3.2.1", "", {}, "sha512-I8FjmltrfnDFoZedi5CG8DghVYNhzb/Ijluz7tCSJH0xpd0484Kowhbb1XDYOxfJpU1p5wnM2X54dA+IfGyD1g=="],

    "balanced-match": ["balanced-match@1.0.2", "", {}, "sha512-3oSeUO0TMV67hN1AmbXsK4yaqU7tjiHlbxRDZOpH0KW9+CeX4bRAaX0Anxt0tx2MrpRpWwQaPwIlISEJhYU5Pw=="],

    "brace-expansion": ["brace-expansion@1.1.14", "", { "dependencies": { "balanced-match": "1.0.2", "concat-map": "0.0.1" } }, "sha512-MWPGfDxnyzKU7rNOW9SP/c50vi3xrmrua/+6hfPbCS2ABNWfx24vPidzvC7krjU/RTo235sV776ymlsMtGKj8g=="],

    "bundle-name": ["bundle-name@4.1.0", "", { "dependencies": { "run-applescript": "7.1.0" } }, "sha512-tjwM5exMg6BGRI+kNmTntNsvdZS1X8BFYS6tnJ2hdH0kVxM6/eVZ2xy+FqStSWvYmtfFMDLIxurorHwDKfDz5Q=="],

    "concat-map": ["concat-map@0.0.1", "", {}, "sha512-/Srv4dswyQNBfohGpz9o6Yb3Gz3SrUDqBH5rTuhGR7ahtlbYKnVxw2bCFMRljaA7EXHaXZ8wsHdodFvbkhKmqg=="],

    "cross-spawn": ["cross-spawn@7.0.6", "", { "dependencies": { "path-key": "3.1.1", "shebang-command": "2.0.0", "which": "2.0.2" } }, "sha512-uV2QOWP2nWzsy2aMp8aRibhi9dlzF5Hgh5SHaB9OiTGEyDTiJJyx0uy51QXdyWbtAHNua4XJzUKca3OzKUd3vA=="],

    "csstype": ["csstype@3.2.3", "", {}, "sha512-z1HGKcYy2xA8AGQfwrn0PAy+PB7X/GSj3UVJW9qKyn43xWa+gl5nXmU4qqLMRzWVLFC8KusUX8T/0kCiOYpAIQ=="],

    "cuint": ["cuint@0.2.2", "", {}, "sha512-d4ZVpCW31eWwCMe1YT3ur7mUDnTXbgwyzaL320DrcRT45rfjYxkt5QWLrmOJ+/UEAI2+fQgKe/fCjR8l4TpRgw=="],

    "default-browser": ["default-browser@5.5.0", "", { "dependencies": { "bundle-name": "4.1.0", "default-browser-id": "5.0.1" } }, "sha512-H9LMLr5zwIbSxrmvikGuI/5KGhZ8E2zH3stkMgM5LpOWDutGM2JZaj460Udnf1a+946zc7YBgrqEWwbk7zHvGw=="],

    "default-browser-id": ["default-browser-id@5.0.1", "", {}, "sha512-x1VCxdX4t+8wVfd1so/9w+vQ4vx7lKd2Qp5tDRutErwmR85OgmfX7RlLRMWafRMY7hbEiXIbudNrjOAPa/hL8Q=="],

    "define-lazy-prop": ["define-lazy-prop@3.0.0", "", {}, "sha512-N+MeXYoqr3pOgn8xfyRPREN7gHakLYjhsHhWGT3fWAiL4IkAt0iDw14QiiEm2bE30c5XX5q0FtAA3CK5f9/BUg=="],

    "detect-libc": ["detect-libc@2.1.2", "", {}, "sha512-Btj2BOOO83o3WyH59e8MgXsxEQVcarkUOpEYrubB0urwnN10yQ364rsiByU11nZlqWYZm05i/of7io4mzihBtQ=="],

    "dom-serializer": ["dom-serializer@3.1.1", "", { "dependencies": { "domelementtype": "3.0.0", "domhandler": "6.0.1", "entities": "8.0.0" } }, "sha512-4MEa38/QexBob6gFNwu+EGdWvhJ1OKuNwdYY3Y3NyeWDQfnGeDYQUDfIRzWu5B5gsv03so2Uxd28YC6zrsx3Lw=="],

    "domelementtype": ["domelementtype@3.0.0", "", {}, "sha512-umCQid3jKbDmVjx8jGaW7uUykm4DEUeyV21hPxNMo2nV955DhUThwqyOIDtreepP31hl84X7G5U9ZfsWvIB3Pg=="],

    "domhandler": ["domhandler@6.0.1", "", { "dependencies": { "domelementtype": "3.0.0" } }, "sha512-gYzvtM72ZtxQO0T048kd6HWSbbGCNOUwcnfQ01cqIJ4X2IYKFFHZ5mKvrQETcFXxsRObZulDaKmy//R7TPtsBg=="],

    "domutils": ["domutils@4.0.2", "", { "dependencies": { "dom-serializer": "3.1.1", "domelementtype": "3.0.0", "domhandler": "6.0.1" } }, "sha512-qI4JLRKnSzqFqr7hAlS5xQDusBCjKSEG4t4+7aNrIQMHBcsC2TGEhuyABJdYkgSewL57PNLYEiibY2iPKhKpaA=="],

    "entities": ["entities@8.0.0", "", {}, "sha512-zwfzJecQ/Uej6tusMqwAqU/6KL2XaB2VZ2Jg54Je6ahNBGNH6Ek6g3jjNCF0fG9EWQKGZNddNjU5F1ZQn/sBnA=="],

    "estree-walker": ["estree-walker@2.0.2", "", {}, "sha512-Rfkk/Mp/DL7JVje3u18FxFujQlTNR2q6QfMSMB7AvCBx91NGj/ba3kCfza0f6dVDbw7YlRf/nDrn7pQrCCyQ/w=="],

    "fdir": ["fdir@6.5.0", "", { "optionalDependencies": { "picomatch": "4.0.4" } }, "sha512-tIbYtZbucOs0BRGqPJkshJUYdL+SDH7dVM8gjy+ERp3WAUjLEFJE+02kanyHtwjWOnwrKYBiwAmM0p4kLJAnXg=="],

    "fsevents": ["fsevents@2.3.3", "", { "os": "darwin" }, "sha512-5xoDfX+fL7faATnagmWPpbFtwh/R77WmMMqqHGS65C3vvB0YHrgF+B1YmZ3441tMj5n63k0212XNoJwzlhffQw=="],

    "htmlparser2": ["htmlparser2@12.0.0", "", { "dependencies": { "domelementtype": "3.0.0", "domhandler": "6.0.1", "domutils": "4.0.2", "entities": "8.0.0" } }, "sha512-Tz7u1i95/g2x2jz81+x0FBVhBhY5aRTvD3tXXdFaljuNdzDLJ8UGNRrTcj2cgQvAg3iW/h77Fz15nLW0L0CrZw=="],

    "import-meta-resolve": ["import-meta-resolve@4.2.0", "", {}, "sha512-Iqv2fzaTQN28s/FwZAoFq0ZSs/7hMAHJVX+w8PZl3cY19Pxk6jFFalxQoIfW2826i/fDLXv8IiEZRIT0lDuWcg=="],

    "is-docker": ["is-docker@3.0.0", "", { "bin": { "is-docker": "cli.js" } }, "sha512-eljcgEDlEns/7AXFosB5K/2nCM4P7FQPkGc/DWLy5rmFEWvZayGrik1d9/QIY5nJ4f9YsVvBkA6kJpHn9rISdQ=="],

    "is-in-ssh": ["is-in-ssh@1.0.0", "", {}, "sha512-jYa6Q9rH90kR1vKB6NM7qqd1mge3Fx4Dhw5TVlK1MUBqhEOuCagrEHMevNuCcbECmXZ0ThXkRm+Ymr51HwEPAw=="],

    "is-inside-container": ["is-inside-container@1.0.0", "", { "dependencies": { "is-docker": "3.0.0" }, "bin": { "is-inside-container": "cli.js" } }, "sha512-KIYLCCJghfHZxqjYBE7rEy0OBuTd5xCHS7tHVgvCLkx7StIoaxwNW3hCALgEUjFfeRk+MG/Qxmp/vtETEF3tRA=="],

    "is-wsl": ["is-wsl@3.1.1", "", { "dependencies": { "is-inside-container": "1.0.0" } }, "sha512-e6rvdUCiQCAuumZslxRJWR/Doq4VpPR82kqclvcS0efgt430SlGIk05vdCN58+VrzgtIcfNODjozVielycD4Sw=="],

    "isexe": ["isexe@2.0.0", "", {}, "sha512-RHxMLp9lnKHGHRng9QFhRCMbYAcVpn69smSGcq3f36xjgVVWThj4qqLbTLlq7Ssj8B+fIQ1EuCEGI2lKsyQeIw=="],

    "lightningcss": ["lightningcss@1.32.0", "", { "dependencies": { "detect-libc": "2.1.2" }, "optionalDependencies": { "lightningcss-android-arm64": "1.32.0", "lightningcss-darwin-arm64": "1.32.0", "lightningcss-darwin-x64": "1.32.0", "lightningcss-freebsd-x64": "1.32.0", "lightningcss-linux-arm-gnueabihf": "1.32.0", "lightningcss-linux-arm64-gnu": "1.32.0", "lightningcss-linux-arm64-musl": "1.32.0", "lightningcss-linux-x64-gnu": "1.32.0", "lightningcss-linux-x64-musl": "1.32.0", "lightningcss-win32-arm64-msvc": "1.32.0", "lightningcss-win32-x64-msvc": "1.32.0" } }, "sha512-NXYBzinNrblfraPGyrbPoD19C1h9lfI/1mzgWYvXUTe414Gz/X1FD2XBZSZM7rRTrMA8JL3OtAaGifrIKhQ5yQ=="],

    "lightningcss-android-arm64": ["lightningcss-android-arm64@1.32.0", "", { "os": "android", "cpu": "arm64" }, "sha512-YK7/ClTt4kAK0vo6w3X+Pnm0D2cf2vPHbhOXdoNti1Ga0al1P4TBZhwjATvjNwLEBCnKvjJc2jQgHXH0NEwlAg=="],

    "lightningcss-darwin-arm64": ["lightningcss-darwin-arm64@1.32.0", "", { "os": "darwin", "cpu": "arm64" }, "sha512-RzeG9Ju5bag2Bv1/lwlVJvBE3q6TtXskdZLLCyfg5pt+HLz9BqlICO7LZM7VHNTTn/5PRhHFBSjk5lc4cmscPQ=="],

    "lightningcss-darwin-x64": ["lightningcss-darwin-x64@1.32.0", "", { "os": "darwin", "cpu": "x64" }, "sha512-U+QsBp2m/s2wqpUYT/6wnlagdZbtZdndSmut/NJqlCcMLTWp5muCrID+K5UJ6jqD2BFshejCYXniPDbNh73V8w=="],

    "lightningcss-freebsd-x64": ["lightningcss-freebsd-x64@1.32.0", "", { "os": "freebsd", "cpu": "x64" }, "sha512-JCTigedEksZk3tHTTthnMdVfGf61Fky8Ji2E4YjUTEQX14xiy/lTzXnu1vwiZe3bYe0q+SpsSH/CTeDXK6WHig=="],

    "lightningcss-linux-arm-gnueabihf": ["lightningcss-linux-arm-gnueabihf@1.32.0", "", { "os": "linux", "cpu": "arm" }, "sha512-x6rnnpRa2GL0zQOkt6rts3YDPzduLpWvwAF6EMhXFVZXD4tPrBkEFqzGowzCsIWsPjqSK+tyNEODUBXeeVHSkw=="],

    "lightningcss-linux-arm64-gnu": ["lightningcss-linux-arm64-gnu@1.32.0", "", { "os": "linux", "cpu": "arm64" }, "sha512-0nnMyoyOLRJXfbMOilaSRcLH3Jw5z9HDNGfT/gwCPgaDjnx0i8w7vBzFLFR1f6CMLKF8gVbebmkUN3fa/kQJpQ=="],

    "lightningcss-linux-arm64-musl": ["lightningcss-linux-arm64-musl@1.32.0", "", { "os": "linux", "cpu": "arm64" }, "sha512-UpQkoenr4UJEzgVIYpI80lDFvRmPVg6oqboNHfoH4CQIfNA+HOrZ7Mo7KZP02dC6LjghPQJeBsvXhJod/wnIBg=="],

    "lightningcss-linux-x64-gnu": ["lightningcss-linux-x64-gnu@1.32.0", "", { "os": "linux", "cpu": "x64" }, "sha512-V7Qr52IhZmdKPVr+Vtw8o+WLsQJYCTd8loIfpDaMRWGUZfBOYEJeyJIkqGIDMZPwPx24pUMfwSxxI8phr/MbOA=="],

    "lightningcss-linux-x64-musl": ["lightningcss-linux-x64-musl@1.32.0", "", { "os": "linux", "cpu": "x64" }, "sha512-bYcLp+Vb0awsiXg/80uCRezCYHNg1/l3mt0gzHnWV9XP1W5sKa5/TCdGWaR/zBM2PeF/HbsQv/j2URNOiVuxWg=="],

    "lightningcss-win32-arm64-msvc": ["lightningcss-win32-arm64-msvc@1.32.0", "", { "os": "win32", "cpu": "arm64" }, "sha512-8SbC8BR40pS6baCM8sbtYDSwEVQd4JlFTOlaD3gWGHfThTcABnNDBda6eTZeqbofalIJhFx0qKzgHJmcPTnGdw=="],

    "lightningcss-win32-x64-msvc": ["lightningcss-win32-x64-msvc@1.32.0", "", { "os": "win32", "cpu": "x64" }, "sha512-Amq9B/SoZYdDi1kFrojnoqPLxYhQ4Wo5XiL8EVJrVsB8ARoC1PWW6VGtT0WKCemjy8aC+louJnjS7U18x3b06Q=="],

    "magic-string": ["magic-string@0.30.21", "", { "dependencies": { "@jridgewell/sourcemap-codec": "1.5.5" } }, "sha512-vd2F4YUyEXKGcLHoq+TEyCjxueSeHnFxyyjNp80yg0XV4vUhnDer/lvvlqM/arB5bXQN5K2/3oinyCRyx8T2CQ=="],

    "make-dir": ["make-dir@3.1.0", "", { "dependencies": { "semver": "6.3.1" } }, "sha512-g3FeP20LNwhALb/6Cz6Dd4F2ngze0jz7tbzrD2wAV+o9FeNHe4rL+yK2md0J/fiSf1sa1ADhXqi5+oVwOM/eGw=="],

    "mime": ["mime@2.5.2", "", { "bin": { "mime": "cli.js" } }, "sha512-tqkh47FzKeCPD2PUiPB6pkbMzsCasjxAfC62/Wap5qrUWcb+sFasXUC5I3gYM5iBM8v/Qpn4UK0x+j0iHyFPDg=="],

    "minimatch": ["minimatch@3.0.8", "", { "dependencies": { "brace-expansion": "1.1.14" } }, "sha512-6FsRAQsxQ61mw+qP1ZzbL9Bc78x2p5OqNgNpnoAFLTrX8n5Kxph0CsnhmKKNXTWjXqU5L0pGPR7hYk+XWZr60Q=="],

    "mrmime": ["mrmime@2.0.1", "", {}, "sha512-Y3wQdFg2Va6etvQ5I82yUhGdsKrcYox6p7FfL1LbK2J4V01F9TGlepTIhnK24t7koZibmg82KGglhA1XK5IsLQ=="],

    "muggle-string": ["muggle-string@0.4.1", "", {}, "sha512-VNTrAak/KhO2i8dqqnqnAHOa3cYBwXEZe9h+D5h/1ZqFSTEFHdM65lR7RoIqq3tBBYavsOXV84NoHXZ0AkPyqQ=="],

    "nanoid": ["nanoid@3.3.12", "", { "bin": { "nanoid": "bin/nanoid.cjs" } }, "sha512-ZB9RH/39qpq5Vu6Y+NmUaFhQR6pp+M2Xt76XBnEwDaGcVAqhlvxrl3B2bKS5D3NH3QR76v3aSrKaF/Kiy7lEtQ=="],

    "open": ["open@11.0.0", "", { "dependencies": { "default-browser": "5.5.0", "define-lazy-prop": "3.0.0", "is-in-ssh": "1.0.0", "is-inside-container": "1.0.0", "powershell-utils": "0.1.0", "wsl-utils": "0.3.1" } }, "sha512-smsWv2LzFjP03xmvFoJ331ss6h+jixfA4UUV/Bsiyuu4YJPfN+FIQGOIiv4w9/+MoHkfkJ22UIaQWRVFRfH6Vw=="],

    "path-browserify": ["path-browserify@1.0.1", "", {}, "sha512-b7uo2UCUOYZcnF/3ID0lulOJi/bafxa1xPe7ZPsammBSpjSWQkjNxlt635YGS2MiR9GjvuXCtz2emr3jbsz98g=="],

    "path-key": ["path-key@3.1.1", "", {}, "sha512-ojmeN0qd+y0jszEtoY48r0Peq5dwMEkIlCOu6Q5f41lfkswXuKtYrhgoTpLnyIcHm24Uhqx+5Tqm2InSwLhE6Q=="],

    "picocolors": ["picocolors@1.1.1", "", {}, "sha512-xceH2snhtb5M9liqDsmEw56le376mTZkEX/jEb/RxNFyegNul7eNslCXP9FDj/Lcu0X8KEyMceP2ntpaHrDEVA=="],

    "picomatch": ["picomatch@4.0.4", "", {}, "sha512-QP88BAKvMam/3NxH6vj2o21R6MjxZUAd6nlwAS/pnGvN9IVLocLHxGYIzFhg6fUQ+5th6P4dv4eW9jX3DSIj7A=="],

    "postcss": ["postcss@8.5.15", "", { "dependencies": { "nanoid": "^3.3.12", "picocolors": "^1.1.1", "source-map-js": "^1.2.1" } }, "sha512-FfR8sjd4em2T6fb3I2MwAJU7HWVMr9zba+enmQeeWFfCbm+UOC/0X4DS8XtpUTMwWMGbjKYP7xjfNekzyGmB3A=="],

    "postcss-url": ["postcss-url@10.1.3", "", { "dependencies": { "make-dir": "3.1.0", "mime": "2.5.2", "minimatch": "3.0.8", "xxhashjs": "0.2.2" }, "peerDependencies": { "postcss": "8.5.14" } }, "sha512-FUzyxfI5l2tKmXdYc6VTu3TWZsInayEKPbiyW+P6vmmIrrb4I6CGX0BFoewgYHLK+oIL5FECEK02REYRpBvUCw=="],

    "powershell-utils": ["powershell-utils@0.1.0", "", {}, "sha512-dM0jVuXJPsDN6DvRpea484tCUaMiXWjuCn++HGTqUWzGDjv5tZkEZldAJ/UMlqRYGFrD/etByo4/xOuC/snX2A=="],

    "rolldown": ["rolldown@1.0.3", "", { "dependencies": { "@oxc-project/types": "=0.133.0", "@rolldown/pluginutils": "^1.0.0" }, "optionalDependencies": { "@rolldown/binding-android-arm64": "1.0.3", "@rolldown/binding-darwin-arm64": "1.0.3", "@rolldown/binding-darwin-x64": "1.0.3", "@rolldown/binding-freebsd-x64": "1.0.3", "@rolldown/binding-linux-arm-gnueabihf": "1.0.3", "@rolldown/binding-linux-arm64-gnu": "1.0.3", "@rolldown/binding-linux-arm64-musl": "1.0.3", "@rolldown/binding-linux-ppc64-gnu": "1.0.3", "@rolldown/binding-linux-s390x-gnu": "1.0.3", "@rolldown/binding-linux-x64-gnu": "1.0.3", "@rolldown/binding-linux-x64-musl": "1.0.3", "@rolldown/binding-openharmony-arm64": "1.0.3", "@rolldown/binding-wasm32-wasi": "1.0.3", "@rolldown/binding-win32-arm64-msvc": "1.0.3", "@rolldown/binding-win32-x64-msvc": "1.0.3" }, "bin": { "rolldown": "./bin/cli.mjs" } }, "sha512-i00lAJ2ks1BYr7rjNjKC7BcqAS7nVfiT3QX1SI5aY+AFHblCmaUf9OE9dbdzDvW6dJxbi2ZCZiy9v3CcwOiX3g=="],

    "rollup": ["rollup@4.60.3", "", { "dependencies": { "@types/estree": "1.0.8" }, "optionalDependencies": { "@rollup/rollup-android-arm-eabi": "4.60.3", "@rollup/rollup-android-arm64": "4.60.3", "@rollup/rollup-darwin-arm64": "4.60.3", "@rollup/rollup-darwin-x64": "4.60.3", "@rollup/rollup-freebsd-arm64": "4.60.3", "@rollup/rollup-freebsd-x64": "4.60.3", "@rollup/rollup-linux-arm-gnueabihf": "4.60.3", "@rollup/rollup-linux-arm-musleabihf": "4.60.3", "@rollup/rollup-linux-arm64-gnu": "4.60.3", "@rollup/rollup-linux-arm64-musl": "4.60.3", "@rollup/rollup-linux-loong64-gnu": "4.60.3", "@rollup/rollup-linux-loong64-musl": "4.60.3", "@rollup/rollup-linux-ppc64-gnu": "4.60.3", "@rollup/rollup-linux-ppc64-musl": "4.60.3", "@rollup/rollup-linux-riscv64-gnu": "4.60.3", "@rollup/rollup-linux-riscv64-musl": "4.60.3", "@rollup/rollup-linux-s390x-gnu": "4.60.3", "@rollup/rollup-linux-x64-gnu": "4.60.3", "@rollup/rollup-linux-x64-musl": "4.60.3", "@rollup/rollup-openbsd-x64": "4.60.3", "@rollup/rollup-openharmony-arm64": "4.60.3", "@rollup/rollup-win32-arm64-msvc": "4.60.3", "@rollup/rollup-win32-ia32-msvc": "4.60.3", "@rollup/rollup-win32-x64-gnu": "4.60.3", "@rollup/rollup-win32-x64-msvc": "4.60.3", "fsevents": "2.3.3" }, "bin": { "rollup": "dist/bin/rollup" } }, "sha512-pAQK9HalE84QSm4Po3EmWIZPd3FnjkShVkiMlz1iligWYkWQ7wHYd1PF/T7QZ5TVSD6uSTon5gBVMSM4JfBV+A=="],

    "run-applescript": ["run-applescript@7.1.0", "", {}, "sha512-DPe5pVFaAsinSaV6QjQ6gdiedWDcRCbUuiQfQa2wmWV7+xC9bGulGI8+TdRmoFkAPaBXk8CrAbnlY2ISniJ47Q=="],

    "semver": ["semver@6.3.1", "", { "bin": { "semver": "bin/semver.js" } }, "sha512-BR7VvDCVHO+q2xBEWskxS6DJE1qRnb7DxzUrogb71CWoSficBxYsiAGd+Kl0mmq/MprG9yArRkyrQxTO6XjMzA=="],

    "shebang-command": ["shebang-command@2.0.0", "", { "dependencies": { "shebang-regex": "3.0.0" } }, "sha512-kHxr2zZpYtdmrN1qDjrrX/Z1rR1kG8Dx+gkpK1G4eXmvXswmcE1hTWBWYUzlraYw1/yZp6YuDY77YtvbN0dmDA=="],

    "shebang-regex": ["shebang-regex@3.0.0", "", {}, "sha512-7++dFhtcx3353uBaq8DDR4NuxBetBzC7ZQOhmTQInHEd6bSrXdiEyzCvG07Z44UYdLShWUyXt5M/yhz8ekcb1A=="],

    "source-map-js": ["source-map-js@1.2.1", "", {}, "sha512-UXWMKhLOwVKb728IUtQPXxfYU+usdybtUrK/8uGE8CQMvrhOpwvzDBwj0QhSL7MQc7vIsISBG8VQ8+IDQxpfQA=="],

    "systemjs": ["systemjs@6.15.1", "", {}, "sha512-Nk8c4lXvMB98MtbmjX7JwJRgJOL8fluecYCfCeYBznwmpOs8Bf15hLM6z4z71EDAhQVrQrI+wt1aLWSXZq+hXA=="],

    "tinyglobby": ["tinyglobby@0.2.17", "", { "dependencies": { "fdir": "^6.5.0", "picomatch": "^4.0.4" } }, "sha512-wXR/dYpcqKmfWpEdZjiKJOwCNFndD0DMnrW/cYjVGttEkBfVgcLFHoNrlj47mjOVic9yyNu65alsgF4NQyTa2g=="],

    "tslib": ["tslib@2.8.1", "", {}, "sha512-oJFu94HQb+KVduSUQL7wnpmqnfmLsOA/nAh6b6EH0wCEoK0/mPeXU6c3wKDV83MkOuHPRHtSXKKU99IBazS/2w=="],

    "typescript": ["typescript@6.0.3", "", { "bin": { "tsc": "bin/tsc", "tsserver": "bin/tsserver" } }, "sha512-y2TvuxSZPDyQakkFRPZHKFm+KKVqIisdg9/CZwm9ftvKXLP8NRWj38/ODjNbr43SsoXqNuAisEf1GdCxqWcdBw=="],

    "vite": ["vite@8.0.16", "", { "dependencies": { "lightningcss": "^1.32.0", "picomatch": "^4.0.4", "postcss": "^8.5.15", "rolldown": "1.0.3", "tinyglobby": "^0.2.17" }, "optionalDependencies": { "fsevents": "~2.3.3" }, "peerDependencies": { "@types/node": "^20.19.0 || >=22.12.0", "@vitejs/devtools": "^0.1.18", "esbuild": "^0.27.0 || ^0.28.0", "jiti": ">=1.21.0", "less": "^4.0.0", "sass": "^1.70.0", "sass-embedded": "^1.70.0", "stylus": ">=0.54.8", "sugarss": "^5.0.0", "terser": "^5.16.0", "tsx": "^4.8.1", "yaml": "^2.4.2" }, "optionalPeers": ["@types/node", "@vitejs/devtools", "esbuild", "jiti", "less", "sass", "sass-embedded", "stylus", "sugarss", "terser", "tsx", "yaml"], "bin": { "vite": "bin/vite.js" } }, "sha512-h9bXPmJichP5fLmVQo3PyaGSDE2n3aPuomeAlVRm0JLmt4rY6zmPKd59HYI4LNW8oTK7tlTsuC7l/m7awx9Jcw=="],

    "vite-plugin-monkey": ["vite-plugin-monkey@8.0.6", "", { "dependencies": { "acorn-walk": "^8.3.5", "cross-spawn": "^7.0.6", "htmlparser2": "^12.0.0", "import-meta-resolve": "^4.2.0", "magic-string": "^0.30.21", "mrmime": "^2.0.1", "open": "^11.0.0", "picocolors": "^1.1.1", "postcss-url": "^10.1.3", "rollup": "^4.60.2", "systemjs": "^6.15.1" }, "peerDependencies": { "vite": "^8.0.0" }, "optionalPeers": ["vite"] }, "sha512-DpNKGLpATKMiFh0m0UaT85oEZYUJ4gtKeaTmL/zyR2jmCmuuybJGC1iI5+wJzLASZpdkTF055UDxVfHtF1RlNQ=="],

    "vscode-uri": ["vscode-uri@3.1.0", "", {}, "sha512-/BpdSx+yCQGnCvecbyXdxHDkuk55/G3xwnC0GqY4gmQ3j+A+g8kzzgB4Nk/SINjqn6+waqw3EgbVF2QKExkRxQ=="],

    "vue": ["vue@3.5.38", "", { "dependencies": { "@vue/compiler-dom": "3.5.38", "@vue/compiler-sfc": "3.5.38", "@vue/runtime-dom": "3.5.38", "@vue/server-renderer": "3.5.38", "@vue/shared": "3.5.38" }, "peerDependencies": { "typescript": "*" }, "optionalPeers": ["typescript"] }, "sha512-vAMKHfImQlYSy0C+PBue4s3ERZ2xGKfgZg5GXAsLInq1dyh2H78ILVP5sK0KPFPVW4kv+OGCIvBEondcjpZp7A=="],

    "vue-tsc": ["vue-tsc@3.3.5", "", { "dependencies": { "@volar/typescript": "2.4.28", "@vue/language-core": "3.3.5" }, "peerDependencies": { "typescript": ">=5.0.0" }, "bin": { "vue-tsc": "bin/vue-tsc.js" } }, "sha512-Rzh/G2MmNlMSAMTiQEjDrsb4dgB/jbtEM47rVN2NtidF1dfb/q4w4QvpQBtW5+y3y5H27Hjh7deVwk+YB02fNg=="],

    "which": ["which@2.0.2", "", { "dependencies": { "isexe": "2.0.0" }, "bin": { "node-which": "./bin/node-which" } }, "sha512-BLI3Tl1TW3Pvl70l3yq3Y64i+awpwXqsGBYWkkqMtnbXgrMD+yj7rhW0kuEDxzJaYXGjEW5ogapKNMEKNMjibA=="],

    "wsl-utils": ["wsl-utils@0.3.1", "", { "dependencies": { "is-wsl": "3.1.1", "powershell-utils": "0.1.0" } }, "sha512-g/eziiSUNBSsdDJtCLB8bdYEUMj4jR7AGeUo96p/3dTafgjHhpF4RiCFPiRILwjQoDXx5MqkBr4fwWtR3Ky4Wg=="],

    "xxhashjs": ["xxhashjs@0.2.2", "", { "dependencies": { "cuint": "0.2.2" } }, "sha512-AkTuIuVTET12tpsVIQo+ZU6f/qDmKuRUcjaqR+OIvm+aCBsZ95i7UVY5WJ9TMsSaZ0DA2WxoZ4acu0sPH+OKAw=="],

    "@vue/compiler-core/entities": ["entities@7.0.1", "", {}, "sha512-TWrgLOFUQTH994YUyl1yT4uyavY5nNB5muff+RtWaqNVCAK408b5ZnnbNAUEWLTCpum9w6arT70i1XdQ4UeOPA=="],

    "@vue/language-core/@vue/compiler-dom": ["@vue/compiler-dom@3.5.34", "", { "dependencies": { "@vue/compiler-core": "3.5.34", "@vue/shared": "3.5.34" } }, "sha512-EbF/T++k0e2MMZlJsBhzK8Sgwt0HcIPOhzn1CTB/lv6sQcyk+OWf8YeiLxZp3ro7MbbLcAfAJ6sEvjFWuNgUCw=="],

    "@vue/language-core/@vue/shared": ["@vue/shared@3.5.34", "", {}, "sha512-24uqU4OIiX29ryC3MeWid/Xf2fa2EFRUVLb77nRhk+UrTVrh/XiGtFAFmJBAtBRbjwNdsPRP+jj/OL27Eg1NDA=="],

    "postcss-url/postcss": ["postcss@8.5.14", "", { "dependencies": { "nanoid": "3.3.12", "picocolors": "1.1.1", "source-map-js": "1.2.1" } }, "sha512-SoSL4+OSEtR99LHFZQiJLkT59C5B1amGO1NzTwj7TT1qCUgUO6hxOvzkOYxD+vMrXBM3XJIKzokoERdqQq/Zmg=="],

    "@vue/language-core/@vue/compiler-dom/@vue/compiler-core": ["@vue/compiler-core@3.5.34", "", { "dependencies": { "@babel/parser": "7.29.3", "@vue/shared": "3.5.34", "entities": "7.0.1", "estree-walker": "2.0.2", "source-map-js": "1.2.1" } }, "sha512-s9cLyK5mLcvZ4Agva5QgRsQyLKvts9WbU9DB6NqiZkkGEdwmcEiylj5Jbwkp680drF/NNCV8OlAJSe+yMLxaJw=="],

    "@vue/language-core/@vue/compiler-dom/@vue/compiler-core/@babel/parser": ["@babel/parser@7.29.3", "", { "dependencies": { "@babel/types": "7.29.0" }, "bin": "./bin/babel-parser.js" }, "sha512-b3ctpQwp+PROvU/cttc4OYl4MzfJUWy6FZg+PMXfzmt/+39iHVF0sDfqay8TQM3JA2EUOyKcFZt75jWriQijsA=="],

    "@vue/language-core/@vue/compiler-dom/@vue/compiler-core/entities": ["entities@7.0.1", "", {}, "sha512-TWrgLOFUQTH994YUyl1yT4uyavY5nNB5muff+RtWaqNVCAK408b5ZnnbNAUEWLTCpum9w6arT70i1XdQ4UeOPA=="],

    "@vue/language-core/@vue/compiler-dom/@vue/compiler-core/@babel/parser/@babel/types": ["@babel/types@7.29.0", "", { "dependencies": { "@babel/helper-string-parser": "7.27.1", "@babel/helper-validator-identifier": "7.28.5" } }, "sha512-LwdZHpScM4Qz8Xw2iKSzS+cfglZzJGvofQICy7W7v4caru4EaAmyUuO6BGrbyQ2mYV11W0U8j5mBhd14dd3B0A=="],

    "@vue/language-core/@vue/compiler-dom/@vue/compiler-core/@babel/parser/@babel/types/@babel/helper-string-parser": ["@babel/helper-string-parser@7.27.1", "", {}, "sha512-qMlSxKbpRlAridDExk92nSobyDdpPijUq2DW6oDnUqd0iOGxmQjyqhMIihI9+zv4LPyZdRje2cavWPbCbWm3eA=="],

    "@vue/language-core/@vue/compiler-dom/@vue/compiler-core/@babel/parser/@babel/types/@babel/helper-validator-identifier": ["@babel/helper-validator-identifier@7.28.5", "", {}, "sha512-qSs4ifwzKJSV39ucNjsvc6WVHs6b7S03sOh2OcHF9UHfVPqWWALUsNUVzhSBiItjRZoLHx7nIarVjqKVusUZ1Q=="],
  }
}
